lockfileVersion: '9.0'

settings:
  autoInstallPeers: true
  excludeLinksFromLockfile: false

importers:

  .:
    dependencies:
      '@eslint/js':
        specifier: ^9.25.1
        version: 9.25.1

packages:

  '@eslint/js@9.25.1':
    resolution: {integrity: sha512-dEIwmjntEx8u3Uvv+kr3PDeeArL8Hw07H9kyYxCjnM9pBjfEhk6uLXSchxxzgiwtRhhzVzqmUSDFBOi1TuZ7qg==}
    engines: {node: ^18.18.0 || ^20.9.0 || >=21.1.0}

snapshots:

  '@eslint/js@9.25.1': {}
